{
  "name": "@targetx/ckeditor5-mention",
  "version": "21.0.0",
  "lockfileVersion": 1,
  "requires": true,
  "dependencies": {
    "@ckeditor/ckeditor5-basic-styles": {
      "version": "20.0.0",
      "resolved": "https://registry.npmjs.org/@ckeditor/ckeditor5-basic-styles/-/ckeditor5-basic-styles-20.0.0.tgz",
      "integrity": "sha512-uxblbUWer2XAxg7FPOKgm//fJvpGsIfSu5xOZB/iQTmPy3577Fcy4owrCOJAjPZRcZ6OZV4Wq5F69B2LciIj/w==",
      "dev": true,
      "requires": {
        "@ckeditor/ckeditor5-core": "^20.0.0",
        "@ckeditor/ckeditor5-ui": "^20.0.0"
      }
    },
    "@ckeditor/ckeditor5-block-quote": {
      "version": "20.0.0",
      "resolved": "https://registry.npmjs.org/@ckeditor/ckeditor5-block-quote/-/ckeditor5-block-quote-20.0.0.tgz",
      "integrity": "sha512-0IOlbTc8JxLjPyv8WyGbYu/A2GVo0LwMtcghFGPxanJDq2UC7FjwMEUFK+aDRM1Ja4SrzcfPyJK2Z7hWElIxXg==",
      "dev": true,
      "requires": {
        "@ckeditor/ckeditor5-core": "^20.0.0",
        "@ckeditor/ckeditor5-ui": "^20.0.0",
        "@ckeditor/ckeditor5-utils": "^20.0.0"
      }
    },
    "@ckeditor/ckeditor5-clipboard": {
      "version": "20.0.0",
      "resolved": "https://registry.npmjs.org/@ckeditor/ckeditor5-clipboard/-/ckeditor5-clipboard-20.0.0.tgz",
      "integrity": "sha512-2kaDZxwqdDUePpOaQeHsUVIOcknu4SSLlVhXHw6zLNvu/KcnKi0XoUtFgTKGmWckGzqVhP5nvTFXmycJyqK+Lg==",
      "dev": true,
      "requires": {
        "@ckeditor/ckeditor5-core": "^20.0.0",
        "@ckeditor/ckeditor5-engine": "^20.0.0",
        "@ckeditor/ckeditor5-utils": "^20.0.0"
      }
    },
    "@ckeditor/ckeditor5-core": {
      "version": "20.0.0",
      "resolved": "https://registry.npmjs.org/@ckeditor/ckeditor5-core/-/ckeditor5-core-20.0.0.tgz",
      "integrity": "sha512-63WA8178ac7MVwDEgNKGJQxXqBeKzoLLkE7Hg9AEz3IMCeo6f1vM9Ac27Rd8mRXWsulinj+h2k/JI2d3WLKyeg==",
      "requires": {
        "@ckeditor/ckeditor5-engine": "^20.0.0",
        "@ckeditor/ckeditor5-utils": "^20.0.0",
        "lodash-es": "^4.17.15"
      }
    },
    "@ckeditor/ckeditor5-editor-classic": {
      "version": "20.0.0",
      "resolved": "https://registry.npmjs.org/@ckeditor/ckeditor5-editor-classic/-/ckeditor5-editor-classic-20.0.0.tgz",
      "integrity": "sha512-etKQSKTk0Rry6sclD15Vc9dptRwH+XYLeWBTFsMz61SSP5fGPjP08yFKSFR4eXXBC2zl+unaXGhsnZB5KptLwA==",
      "dev": true,
      "requires": {
        "@ckeditor/ckeditor5-core": "^20.0.0",
        "@ckeditor/ckeditor5-engine": "^20.0.0",
        "@ckeditor/ckeditor5-ui": "^20.0.0",
        "@ckeditor/ckeditor5-utils": "^20.0.0",
        "lodash-es": "^4.17.15"
      }
    },
    "@ckeditor/ckeditor5-engine": {
      "version": "20.0.0",
      "resolved": "https://registry.npmjs.org/@ckeditor/ckeditor5-engine/-/ckeditor5-engine-20.0.0.tgz",
      "integrity": "sha512-ax+AvD/c/VIjqhQQWwl3KZc7+C2xYprJsNJmdN6NfiJTb9jM45/kdDum7RcuJ4BsYMT7el/D14JQ+uZTE/2O8g==",
      "requires": {
        "@ckeditor/ckeditor5-utils": "^20.0.0",
        "lodash-es": "^4.17.15"
      }
    },
    "@ckeditor/ckeditor5-font": {
      "version": "20.0.0",
      "resolved": "https://registry.npmjs.org/@ckeditor/ckeditor5-font/-/ckeditor5-font-20.0.0.tgz",
      "integrity": "sha512-LE3+Aw5oAuFQhmMKpFzW/+9wXNYu4K45+9r5CieSj6aTzaFvujh31BN4T7yferaiGPVflHhxat+YC1mq4pNzfQ==",
      "dev": true,
      "requires": {
        "@ckeditor/ckeditor5-core": "^20.0.0",
        "@ckeditor/ckeditor5-ui": "^20.0.0",
        "@ckeditor/ckeditor5-utils": "^20.0.0"
      }
    },
    "@ckeditor/ckeditor5-image": {
      "version": "20.0.0",
      "resolved": "https://registry.npmjs.org/@ckeditor/ckeditor5-image/-/ckeditor5-image-20.0.0.tgz",
      "integrity": "sha512-EZIwUOXd2yBeFLpm3db7aXf4VFIOUDO8lRUButAG3ATsDI9xtz7XkJyEwABi7uwIA85JteV2yPhHyx5Rf0dXtg==",
      "dev": true,
      "requires": {
        "@ckeditor/ckeditor5-clipboard": "^20.0.0",
        "@ckeditor/ckeditor5-core": "^20.0.0",
        "@ckeditor/ckeditor5-engine": "^20.0.0",
        "@ckeditor/ckeditor5-ui": "^20.0.0",
        "@ckeditor/ckeditor5-upload": "^20.0.0",
        "@ckeditor/ckeditor5-utils": "^20.0.0",
        "@ckeditor/ckeditor5-widget": "^20.0.0"
      }
    },
    "@ckeditor/ckeditor5-link": {
      "version": "20.0.0",
      "resolved": "https://registry.npmjs.org/@ckeditor/ckeditor5-link/-/ckeditor5-link-20.0.0.tgz",
      "integrity": "sha512-PFfcxUdYarFY+qo6LCAQbpG8T7wcrAZvt7GeV0SqoJJY9nwcWlYMSGYlA9VKC9DqQr0Cmt4iX1sezChmbipj/g==",
      "dev": true,
      "requires": {
        "@ckeditor/ckeditor5-core": "^20.0.0",
        "@ckeditor/ckeditor5-engine": "^20.0.0",
        "@ckeditor/ckeditor5-image": "^20.0.0",
        "@ckeditor/ckeditor5-ui": "^20.0.0",
        "@ckeditor/ckeditor5-utils": "^20.0.0",
        "lodash-es": "^4.17.15"
      }
    },
    "@ckeditor/ckeditor5-paragraph": {
      "version": "20.0.0",
      "resolved": "https://registry.npmjs.org/@ckeditor/ckeditor5-paragraph/-/ckeditor5-paragraph-20.0.0.tgz",
      "integrity": "sha512-cSnJi6xbNOwzHGfIhaVBi/RrOe1P/vL3AZ2R8zmp8EAj2ZhDyIR3dXRTqVIa8636r6QXaGxGMwskfX3So7/cqg==",
      "dev": true,
      "requires": {
        "@ckeditor/ckeditor5-core": "^20.0.0",
        "@ckeditor/ckeditor5-ui": "^20.0.0",
        "@ckeditor/ckeditor5-utils": "^20.0.0"
      }
    },
    "@ckeditor/ckeditor5-table": {
      "version": "20.0.0",
      "resolved": "https://registry.npmjs.org/@ckeditor/ckeditor5-table/-/ckeditor5-table-20.0.0.tgz",
      "integrity": "sha512-L9F8B/fcDpmTW8I296wKImXxKZMenHXO8cOfkrreUX1+c9g5V8UrRbhOa8TGOWjxa3/J9R83x3KB9uBF2eRG6g==",
      "dev": true,
      "requires": {
        "@ckeditor/ckeditor5-core": "^20.0.0",
        "@ckeditor/ckeditor5-ui": "^20.0.0",
        "@ckeditor/ckeditor5-widget": "^20.0.0",
        "lodash-es": "^4.17.15"
      }
    },
    "@ckeditor/ckeditor5-typing": {
      "version": "20.0.0",
      "resolved": "https://registry.npmjs.org/@ckeditor/ckeditor5-typing/-/ckeditor5-typing-20.0.0.tgz",
      "integrity": "sha512-slB5tTT5O4LayFGKyXdPwUQKYnSJVw1rVNeyJ9QlPf3DsvBFw84Mw+13jZIQe9EeTk/d2JvbxSjXG9uhnqyqcA==",
      "requires": {
        "@ckeditor/ckeditor5-core": "^20.0.0",
        "@ckeditor/ckeditor5-engine": "^20.0.0",
        "@ckeditor/ckeditor5-utils": "^20.0.0",
        "lodash-es": "^4.17.15"
      }
    },
    "@ckeditor/ckeditor5-ui": {
      "version": "20.0.0",
      "resolved": "https://registry.npmjs.org/@ckeditor/ckeditor5-ui/-/ckeditor5-ui-20.0.0.tgz",
      "integrity": "sha512-xjxJdPoDu7SZDkT1XkpAE2nB3qKca7aUVNPRtn9Skq6zIB+64wuySv2CaRTJpG9fSJhaFXmt7b7TXjrjS2X0Ow==",
      "requires": {
        "@ckeditor/ckeditor5-core": "^20.0.0",
        "@ckeditor/ckeditor5-utils": "^20.0.0",
        "lodash-es": "^4.17.15"
      }
    },
    "@ckeditor/ckeditor5-undo": {
      "version": "20.0.0",
      "resolved": "https://registry.npmjs.org/@ckeditor/ckeditor5-undo/-/ckeditor5-undo-20.0.0.tgz",
      "integrity": "sha512-76zuvEZuWGbEBp6d0ZHsOinMbF4I+2kUVRngCP7wHkzbZfd05zd25/+Ry4tbWv45czAETkrajyqvEpSNGK3AfA==",
      "dev": true,
      "requires": {
        "@ckeditor/ckeditor5-core": "^20.0.0",
        "@ckeditor/ckeditor5-engine": "^20.0.0",
        "@ckeditor/ckeditor5-ui": "^20.0.0"
      }
    },
    "@ckeditor/ckeditor5-upload": {
      "version": "20.0.0",
      "resolved": "https://registry.npmjs.org/@ckeditor/ckeditor5-upload/-/ckeditor5-upload-20.0.0.tgz",
      "integrity": "sha512-Ff5M2KQ3AwsdrWb5ZQa20klacnFDXRpccp1VmR95/KN00+w/nIHJYAMNDiOBnBsri/AYRTjDj1M7MnmbBjIkvQ==",
      "dev": true,
      "requires": {
        "@ckeditor/ckeditor5-core": "^20.0.0",
        "@ckeditor/ckeditor5-ui": "^20.0.0",
        "@ckeditor/ckeditor5-utils": "^20.0.0"
      }
    },
    "@ckeditor/ckeditor5-utils": {
      "version": "20.0.0",
      "resolved": "https://registry.npmjs.org/@ckeditor/ckeditor5-utils/-/ckeditor5-utils-20.0.0.tgz",
      "integrity": "sha512-BAzI5Ld4ixbumr+B/MtCob9cqgz+K6eQowILx3GRROEHWsA6JIvPOHHxQJoa+pyPPeRrPqg2u8LQvPKiJsUvww==",
      "requires": {
        "lodash-es": "^4.17.15"
      }
    },
    "@ckeditor/ckeditor5-widget": {
      "version": "20.0.0",
      "resolved": "https://registry.npmjs.org/@ckeditor/ckeditor5-widget/-/ckeditor5-widget-20.0.0.tgz",
      "integrity": "sha512-Q8QQsynfHyBhos3BifPCHvinZlN7izPtnf+7VAZN+PnzMhJXP1vbMyEW1+Qv1KQQi3JN0DpU5Cm/VLQKrM0mRw==",
      "dev": true,
      "requires": {
        "@ckeditor/ckeditor5-core": "^20.0.0",
        "@ckeditor/ckeditor5-engine": "^20.0.0",
        "@ckeditor/ckeditor5-typing": "^20.0.0",
        "@ckeditor/ckeditor5-ui": "^20.0.0",
        "@ckeditor/ckeditor5-utils": "^20.0.0",
        "lodash-es": "^4.17.15"
      }
    },
    "lodash": {
      "version": "4.17.15",
      "resolved": "https://registry.npmjs.org/lodash/-/lodash-4.17.15.tgz",
      "integrity": "sha512-8xOcRHvCjnocdS5cpwXQXVzmmh5e5+saE2QGoeQmbKmRS6J3VQppPOIt0MnmE+4xlZoumy0GPG0D0MVIQbNA1A==",
      "dev": true
    },
    "lodash-es": {
      "version": "4.17.15",
      "resolved": "https://registry.npmjs.org/lodash-es/-/lodash-es-4.17.15.tgz",
      "integrity": "sha512-rlrc3yU3+JNOpZ9zj5pQtxnx2THmvRykwL4Xlxoa8I9lHBlVbbyPhgyPMioxVZ4NqyxaVVtaJnzsyOidQIhyyQ=="
    }
  }
}
